
Microsoft Visual Studio Solution File, Format Version 12.00
# Visual Studio Version 17
VisualStudioVersion = 17.14.36908.2
MinimumVisualStudioVersion = 10.0.40219.1
Project("{54A90642-561A-4BB1-A94E-469ADEE60C69}") = "InventorySystem", "InventorySystem.esproj", "{31268A93-7A89-87D4-5E83-C215EBE8DAE9}"
EndProject
Project("{FAE04EC0-301F-11D3-BF4B-00C04F79EFBC}") = "4. Inventory.Persistence", "..\Inventory.Persistence\4. Inventory.Persistence.csproj", "{A9E74D8C-08E9-40B4-860E-AA735AE6E8C3}"
EndProject
Project("{FAE04EC0-301F-11D3-BF4B-00C04F79EFBC}") = "2. Inventory.DTOs", "..\Inventory.Dto\2. Inventory.DTOs.csproj", "{2EA85454-66F8-426C-BC5D-9C9B9D1683E4}"
EndProject
Project("{FAE04EC0-301F-11D3-BF4B-00C04F79EFBC}") = "3. Inventory.Business", "..\Inventory.Business\3. Inventory.Business.csproj", "{32EA9099-402F-4F5D-9135-4B63981F45A3}"
	ProjectSection(ProjectDependencies) = postProject
		{2EA85454-66F8-426C-BC5D-9C9B9D1683E4} = {2EA85454-66F8-426C-BC5D-9C9B9D1683E4}
		{A9E74D8C-08E9-40B4-860E-AA735AE6E8C3} = {A9E74D8C-08E9-40B4-860E-AA735AE6E8C3}
	EndProjectSection
EndProject
Project("{FAE04EC0-301F-11D3-BF4B-00C04F79EFBC}") = "1. Inventory.WebAPI", "..\Inventory.WebAPI\1. Inventory.WebAPI.csproj", "{3BEF4BF8-47A0-4913-903D-68CCE09FA37B}"
	ProjectSection(ProjectDependencies) = postProject
		{2EA85454-66F8-426C-BC5D-9C9B9D1683E4} = {2EA85454-66F8-426C-BC5D-9C9B9D1683E4}
		{32EA9099-402F-4F5D-9135-4B63981F45A3} = {32EA9099-402F-4F5D-9135-4B63981F45A3}
		{A9E74D8C-08E9-40B4-860E-AA735AE6E8C3} = {A9E74D8C-08E9-40B4-860E-AA735AE6E8C3}
	EndProjectSection
EndProject
Project("{2150E333-8FDC-42A3-9474-1A3956D46DE8}") = "Elementos de la solución", "Elementos de la solución", "{D107F4C8-89CC-BEA8-D3D7-CA6B7733353D}"
	ProjectSection(SolutionItems) = preProject
		docker-compose.yml = docker-compose.yml
	EndProjectSection
EndProject
Global
	GlobalSection(SolutionConfigurationPlatforms) = preSolution
		Debug|Any CPU = Debug|Any CPU
		Release|Any CPU = Release|Any CPU
	EndGlobalSection
	GlobalSection(ProjectConfigurationPlatforms) = postSolution
		{31268A93-7A89-87D4-5E83-C215EBE8DAE9}.Debug|Any CPU.ActiveCfg = Debug|Any CPU
		{31268A93-7A89-87D4-5E83-C215EBE8DAE9}.Debug|Any CPU.Build.0 = Debug|Any CPU
		{31268A93-7A89-87D4-5E83-C215EBE8DAE9}.Debug|Any CPU.Deploy.0 = Debug|Any CPU
		{31268A93-7A89-87D4-5E83-C215EBE8DAE9}.Release|Any CPU.ActiveCfg = Release|Any CPU
		{31268A93-7A89-87D4-5E83-C215EBE8DAE9}.Release|Any CPU.Build.0 = Release|Any CPU
		{31268A93-7A89-87D4-5E83-C215EBE8DAE9}.Release|Any CPU.Deploy.0 = Release|Any CPU
		{A9E74D8C-08E9-40B4-860E-AA735AE6E8C3}.Debug|Any CPU.ActiveCfg = Debug|Any CPU
		{A9E74D8C-08E9-40B4-860E-AA735AE6E8C3}.Debug|Any CPU.Build.0 = Debug|Any CPU
		{A9E74D8C-08E9-40B4-860E-AA735AE6E8C3}.Release|Any CPU.ActiveCfg = Release|Any CPU
		{A9E74D8C-08E9-40B4-860E-AA735AE6E8C3}.Release|Any CPU.Build.0 = Release|Any CPU
		{2EA85454-66F8-426C-BC5D-9C9B9D1683E4}.Debug|Any CPU.ActiveCfg = Debug|Any CPU
		{2EA85454-66F8-426C-BC5D-9C9B9D1683E4}.Debug|Any CPU.Build.0 = Debug|Any CPU
		{2EA85454-66F8-426C-BC5D-9C9B9D1683E4}.Release|Any CPU.ActiveCfg = Release|Any CPU
		{2EA85454-66F8-426C-BC5D-9C9B9D1683E4}.Release|Any CPU.Build.0 = Release|Any CPU
		{32EA9099-402F-4F5D-9135-4B63981F45A3}.Debug|Any CPU.ActiveCfg = Debug|Any CPU
		{32EA9099-402F-4F5D-9135-4B63981F45A3}.Debug|Any CPU.Build.0 = Debug|Any CPU
		{32EA9099-402F-4F5D-9135-4B63981F45A3}.Release|Any CPU.ActiveCfg = Release|Any CPU
		{32EA9099-402F-4F5D-9135-4B63981F45A3}.Release|Any CPU.Build.0 = Release|Any CPU
		{3BEF4BF8-47A0-4913-903D-68CCE09FA37B}.Debug|Any CPU.ActiveCfg = Debug|Any CPU
		{3BEF4BF8-47A0-4913-903D-68CCE09FA37B}.Debug|Any CPU.Build.0 = Debug|Any CPU
		{3BEF4BF8-47A0-4913-903D-68CCE09FA37B}.Release|Any CPU.ActiveCfg = Release|Any CPU
		{3BEF4BF8-47A0-4913-903D-68CCE09FA37B}.Release|Any CPU.Build.0 = Release|Any CPU
	EndGlobalSection
	GlobalSection(SolutionProperties) = preSolution
		HideSolutionNode = FALSE
	EndGlobalSection
	GlobalSection(ExtensibilityGlobals) = postSolution
		SolutionGuid = {2DE4EBC1-DE7E-44E5-A1EA-FA2174EC141F}
	EndGlobalSection
EndGlobal
